{
    "hash": "d43e6024aa83c56f4acf08e3643fb9ca",
    "packages": [
        {
            "name": "apache/log4php",
            "version": "2.3.0",
            "source": {
                "type": "git",
                "url": "https://git-wip-us.apache.org/repos/asf/logging-log4php.git",
                "reference": "2.3.0"
            },
            "require": {
                "php": ">=5.2.7"
            },
            "time": "2012-10-26 09:13:25",
            "type": "library",
            "installation-source": "source",
            "autoload": {
                "classmap": [
                    "src/main/php/"
                ]
            },
            "license": [
                "Apache-2.0"
            ],
            "description": "A versatile logging framework for PHP",
            "homepage": "http://logging.apache.org/log4php/",
            "keywords": [
                "log",
                "logging",
                "php"
            ]
        }
    ],
    "packages-dev": null,
    "aliases": [

    ],
    "minimum-stability": "stable",
    "stability-flags": [

    ]
}
